//
//  project.pbxproj
//  RatoFileManager
//
// Written by DeepHat AI - Kindo
//

/* PBXProject */
{
	"${/* UUID_PROJECT */}" = {
		"identity" = {
			"name" = "RatoFileManager";
			"rawValue" = "RatoFileManager";
		};
		"name" = "RatoFileManager";
		"targets" = {
			"${/* UUID_TARGET */}" = {
				"name" = "RatoFileManager";
				"configurationList" = "Debug";
				"buildSettings" = {
					"ASSETCATALOG_COMPILER_APPICON_NAME" = "AppIcon";
					"CLANG_ENABLE_MODULES" = "YES";
					"CODE_SIGN_STYLE" = "Manual";
					"DEVELOPMENT_FOLDER" = "RatoFileManager";
					"IPHONEOS_DEPLOYMENT_TARGET" = "13.0";
					"LLVM_ENABLE_Bitcode" = "YES";
					"PRODUCT_BUNDLE_IDENTIFIER" = "com.86rato.filemanager";
					"PRODUCT_NAME" = "RatoFileManager";
					"SWIFT_VERSION" = "5.0";
				};
				"dependencies" = ();
				"name" = "RatoFileManager";
				"sources" = (
					"RatoFileManager/AppDelegate.swift",
					"RatoFileManager/MainViewController.swift"
				);
			};
		};
		"pbxBuildSettings" = {
			"base" = {
				"ASSETCATALOG_COMPILER_APPICON_NAME" = "AppIcon";
				"CLANG_ENABLE_MODULES" = "YES";
				"CODE_SIGN_STYLE" = "Manual";
				"DEVELOPMENT_FOLDER" = "RatoFileManager";
				"IPHONEOS_DEPLOYMENT_TARGET" = "13.0";
				"LLVM_ENABLE_Bitcode" = "YES";
				"PRODUCT_BUNDLE_IDENTIFIER" = "com.86rato.filemanager";
				"PRODUCT_NAME" = "RatoFileManager";
				"SWIFT_VERSION" = "5.0";
			};
		};
	};
}